{"version":4,"terraform_version":"1.10.7","serial":25,"lineage":"62d1db9b-e5c5-e4a1-c128-56fc7636dc0a","outputs":{},"resources":[{"mode":"managed","type":"incus_instance","name":"Ansible","provider":"provider[\"registry.opentofu.org/lxc/incus\"]","instances":[{"schema_version":0,"attributes":{"architecture":"x86_64","config":{"boot.autostart":"true","cloud-init.network-config":"network:\n  version: 2\n  ethernets:\n    enp5s0:\n      dhcp4: false\n      dhcp6: false\n      addresses: [192.168.2.11/24]\n      gateway4: 192.168.2.1\n      nameservers:\n        addresses: [1.1.1.1, 8.8.8.8]\n","cloud-init.user-data":"#cloud-config\npackage_update: true\npackage_upgrade: false\npackages:\n  - ansible\n  - python3-pip\n","limits.cpu":"1","limits.memory":"1024MB","security.secureboot":"false"},"description":"","device":[{"name":"enp5s0","properties":{"network":"CookedNetwork"},"type":"nic"},{"name":"root","properties":{"path":"/","pool":"local","size":"32GB"},"type":"disk"}],"ephemeral":false,"file":[],"image":"images:ubuntu/24.04/cloud","ipv4_address":"192.168.2.11","ipv6_address":null,"mac_address":"10:66:6a:04:47:38","name":"Ansible","profiles":["default"],"project":"CookedTeam","remote":null,"running":true,"source_file":null,"source_instance":null,"status":"Running","target":"brave-whale","type":"virtual-machine","wait_for":[]},"sensitive_attributes":[],"dependencies":["incus_network.CookedNetwork"]}]},{"mode":"managed","type":"incus_instance","name":"Web","provider":"provider[\"registry.opentofu.org/lxc/incus\"]","instances":[{"schema_version":0,"attributes":{"architecture":"x86_64","config":{"boot.autostart":"true","cloud-init.network-config":"network:\n  version: 2\n  ethernets:\n    enp5s0:\n      dhcp4: false\n      dhcp6: false\n      addresses: [192.168.2.12/24]\n      gateway4: 192.168.2.1\n      nameservers:\n        addresses: [1.1.1.1, 8.8.8.8]\n","cloud-init.user-data":"#cloud-config\npackage_update: true\npackage_upgrade: false\n","limits.cpu":"1","limits.memory":"1024MB","security.secureboot":"false"},"description":"","device":[{"name":"enp5s0","properties":{"network":"CookedNetwork"},"type":"nic"},{"name":"root","properties":{"path":"/","pool":"local","size":"32GB"},"type":"disk"}],"ephemeral":false,"file":[],"image":"images:debian/12/cloud","ipv4_address":"192.168.2.12","ipv6_address":null,"mac_address":"10:66:6a:95:f8:95","name":"Web","profiles":["default"],"project":"CookedTeam","remote":null,"running":true,"source_file":null,"source_instance":null,"status":"Running","target":"brave-whale","type":"virtual-machine","wait_for":[]},"sensitive_attributes":[],"dependencies":["incus_network.CookedNetwork"]}]},{"mode":"managed","type":"incus_network","name":"CookedNetwork","provider":"provider[\"registry.opentofu.org/lxc/incus\"]","instances":[{"schema_version":0,"attributes":{"config":{"ipv4.address":"192.168.2.1/24","ipv4.nat":"true","ipv6.address":"none","ipv6.nat":"false","network":"UPLINK"},"description":"","managed":true,"name":"CookedNetwork","project":"CookedTeam","remote":null,"target":null,"type":"ovn"},"sensitive_attributes":[]}]},{"mode":"managed","type":"incus_network_forward","name":"web_port80","provider":"provider[\"registry.opentofu.org/lxc/incus\"]","instances":[{"schema_version":0,"attributes":{"config":{},"description":"","listen_address":"10.3.0.16","network":"CookedNetwork","ports":[{"description":"","listen_port":"80","protocol":"tcp","target_address":"192.168.2.12","target_port":"80"}],"project":"CookedTeam","remote":null},"sensitive_attributes":[],"dependencies":["incus_network.CookedNetwork"]}]}],"check_results":null}
