{"version":4,"terraform_version":"1.10.7","serial":19,"lineage":"e173183c-1615-a074-48e6-543127d125d8","outputs":{},"resources":[{"mode":"managed","type":"incus_instance","name":"Back","provider":"provider[\"registry.opentofu.org/lxc/incus\"]","instances":[{"status":"tainted","schema_version":0,"attributes":{"architecture":null,"config":null,"description":null,"device":[],"ephemeral":null,"file":[],"image":null,"ipv4_address":null,"ipv6_address":null,"mac_address":null,"name":"Back","profiles":null,"project":null,"remote":null,"running":null,"source_file":null,"source_instance":null,"status":null,"target":null,"type":null,"wait_for":[]},"sensitive_attributes":[],"dependencies":["incus_network.CookedNetwork"]}]},{"mode":"managed","type":"incus_instance","name":"Front","provider":"provider[\"registry.opentofu.org/lxc/incus\"]","instances":[{"status":"tainted","schema_version":0,"attributes":{"architecture":null,"config":null,"description":null,"device":[],"ephemeral":null,"file":[],"image":null,"ipv4_address":null,"ipv6_address":null,"mac_address":null,"name":"Front","profiles":null,"project":null,"remote":null,"running":null,"source_file":null,"source_instance":null,"status":null,"target":null,"type":null,"wait_for":[]},"sensitive_attributes":[],"dependencies":["incus_network.CookedNetwork"]}]},{"mode":"managed","type":"incus_network","name":"CookedNetwork","provider":"provider[\"registry.opentofu.org/lxc/incus\"]","instances":[{"schema_version":0,"attributes":{"config":{"ipv4.address":"192.168.1.1/24","ipv4.nat":"true","network":"UPLINK"},"description":"","managed":true,"name":"CookedNetwork","project":"CookedTeam","remote":null,"target":null,"type":"ovn"},"sensitive_attributes":[]}]}],"check_results":null}
